{
  "object": {
    "pins": [
      {
        "package": "JWWCore",
        "repositoryURL": "https://github.com/justin/jww-standard-lib.git",
        "state": {
          "branch": null,
          "revision": "d679860c9dbc284c2531a8ef9ace3f3b49080c73",
          "version": "1.2.0"
        }
      }
    ]
  },
  "version": 1
}
